// !$*UTF8*$!
{
	archiveVersion = 1;
	classes = {
	};
	objectVersion = 46;
	objects = {

/* Begin PBXBuildFile section */
		66036FDB1CB4ED200083B0C4 /* AppDelegate.swift in Sources */ = {isa = PBXBuildFile; fileRef = 66036FDA1CB4ED200083B0C4 /* AppDelegate.swift */; };
		66036FDD1CB4ED200083B0C4 /* ViewController.swift in Sources */ = {isa = PBXBuildFile; fileRef = 66036FDC1CB4ED200083B0C4 /* ViewController.swift */; };
		66036FE01CB4ED200083B0C4 /* Main.storyboard in Resources */ = {isa = PBXBuildFile; fileRef = 66036FDE1CB4ED200083B0C4 /* Main.storyboard */; };
		66036FE21CB4ED200083B0C4 /* Assets.xcassets in Resources */ = {isa = PBXBuildFile; fileRef = 66036FE11CB4ED200083B0C4 /* Assets.xcassets */; };
		66036FE51CB4ED200083B0C4 /* LaunchScreen.storyboard in Resources */ = {isa = PBXBuildFile; fileRef = 66036FE31CB4ED200083B0C4 /* LaunchScreen.storyboard */; };
		66036FF01CB4ED210083B0C4 /* QuickSampleTests.swift in Sources */ = {isa = PBXBuildFile; fileRef = 66036FEF1CB4ED210083B0C4 /* QuickSampleTests.swift */; };
		660370061CB4F1840083B0C4 /* Nimble.framework in Frameworks */ = {isa = PBXBuildFile; fileRef = 66036FFF1CB4F0810083B0C4 /* Nimble.framework */; };
		660370071CB4F1850083B0C4 /* Quick.framework in Frameworks */ = {isa = PBXBuildFile; fileRef = 660370001CB4F0810083B0C4 /* Quick.framework */; };
		660370091CB4F18F0083B0C4 /* Nimble.framework in CopyFiles */ = {isa = PBXBuildFile; fileRef = 66036FFF1CB4F0810083B0C4 /* Nimble.framework */; settings = {ATTRIBUTES = (CodeSignOnCopy, RemoveHeadersOnCopy, ); }; };
		6603700A1CB4F18F0083B0C4 /* Quick.framework in CopyFiles */ = {isa = PBXBuildFile; fileRef = 660370001CB4F0810083B0C4 /* Quick.framework */; settings = {ATTRIBUTES = (CodeSignOnCopy, RemoveHeadersOnCopy, ); }; };
/* End PBXBuildFile section */

/* Begin PBXContainerItemProxy section */
		66036FEC1CB4ED210083B0C4 /* PBXContainerItemProxy */ = {
			isa = PBXContainerItemProxy;
			containerPortal = 66036FCF1CB4ED200083B0C4 /* Project object */;
			proxyType = 1;
			remoteGlobalIDString = 66036FD61CB4ED200083B0C4;
			remoteInfo = QuickSample;
		};
/* End PBXContainerItemProxy section */

/* Begin PBXCopyFilesBuildPhase section */
		660370081CB4F1880083B0C4 /* CopyFiles */ = {
			isa = PBXCopyFilesBuildPhase;
			buildActionMask = 2147483647;
			dstPath = "";
			dstSubfolderSpec = 7;
			files = (
				660370091CB4F18F0083B0C4 /* Nimble.framework in CopyFiles */,
				6603700A1CB4F18F0083B0C4 /* Quick.framework in CopyFiles */,
			);
			runOnlyForDeploymentPostprocessing = 0;
		};
/* End PBXCopyFilesBuildPhase section */

/* Begin PBXFileReference section */
		66036FD71CB4ED200083B0C4 /* QuickSample.app */ = {isa = PBXFileReference; explicitFileType = wrapper.application; includeInIndex = 0; path = QuickSample.app; sourceTree = BUILT_PRODUCTS_DIR; };
		66036FDA1CB4ED200083B0C4 /* AppDelegate.swift */ = {isa = PBXFileReference; lastKnownFileType = sourcecode.swift; path = AppDelegate.swift; sourceTree = "<group>"; };
		66036FDC1CB4ED200083B0C4 /* ViewController.swift */ = {isa = PBXFileReference; lastKnownFileType = sourcecode.swift; path = ViewController.swift; sourceTree = "<group>"; };
		66036FDF1CB4ED200083B0C4 /* Base */ = {isa = PBXFileReference; lastKnownFileType = file.storyboard; name = Base; path = Base.lproj/Main.storyboard; sourceTree = "<group>"; };
		66036FE11CB4ED200083B0C4 /* Assets.xcassets */ = {isa = PBXFileReference; lastKnownFileType = folder.assetcatalog; path = Assets.xcassets; sourceTree = "<group>"; };
		66036FE41CB4ED200083B0C4 /* Base */ = {isa = PBXFileReference; lastKnownFileType = file.storyboard; name = Base; path = Base.lproj/LaunchScreen.storyboard; sourceTree = "<group>"; };
		66036FE61CB4ED200083B0C4 /* Info.plist */ = {isa = PBXFileReference; lastKnownFileType = text.plist.xml; path = Info.plist; sourceTree = "<group>"; };
		66036FEB1CB4ED210083B0C4 /* QuickSampleTests.xctest */ = {isa = PBXFileReference; explicitFileType = wrapper.cfbundle; includeInIndex = 0; path = QuickSampleTests.xctest; sourceTree = BUILT_PRODUCTS_DIR; };
		66036FEF1CB4ED210083B0C4 /* QuickSampleTests.swift */ = {isa = PBXFileReference; lastKnownFileType = sourcecode.swift; path = QuickSampleTests.swift; sourceTree = "<group>"; };
		66036FF11CB4ED210083B0C4 /* Info.plist */ = {isa = PBXFileReference; lastKnownFileType = text.plist.xml; path = Info.plist; sourceTree = "<group>"; };
		66036FFF1CB4F0810083B0C4 /* Nimble.framework */ = {isa = PBXFileReference; lastKnownFileType = wrapper.framework; name = Nimble.framework; path = Carthage/Build/iOS/Nimble.framework; sourceTree = "<group>"; };
		660370001CB4F0810083B0C4 /* Quick.framework */ = {isa = PBXFileReference; lastKnownFileType = wrapper.framework; name = Quick.framework; path = Carthage/Build/iOS/Quick.framework; sourceTree = "<group>"; };
/* End PBXFileReference section */

/* Begin PBXFrameworksBuildPhase section */
		66036FD41CB4ED200083B0C4 /* Frameworks */ = {
			isa = PBXFrameworksBuildPhase;
			buildActionMask = 2147483647;
			files = (
			);
			runOnlyForDeploymentPostprocessing = 0;
		};
		66036FE81CB4ED210083B0C4 /* Frameworks */ = {
			isa = PBXFrameworksBuildPhase;
			buildActionMask = 2147483647;
			files = (
				660370061CB4F1840083B0C4 /* Nimble.framework in Frameworks */,
				660370071CB4F1850083B0C4 /* Quick.framework in Frameworks */,
			);
			runOnlyForDeploymentPostprocessing = 0;
		};
/* End PBXFrameworksBuildPhase section */

/* Begin PBXGroup section */
		66036FCE1CB4ED200083B0C4 = {
			isa = PBXGroup;
			children = (
				66036FFF1CB4F0810083B0C4 /* Nimble.framework */,
				660370001CB4F0810083B0C4 /* Quick.framework */,
				66036FD91CB4ED200083B0C4 /* QuickSample */,
				66036FEE1CB4ED210083B0C4 /* QuickSampleTests */,
				66036FD81CB4ED200083B0C4 /* Products */,
			);
			sourceTree = "<group>";
		};
		66036FD81CB4ED200083B0C4 /* Products */ = {
			isa = PBXGroup;
			children = (
				66036FD71CB4ED200083B0C4 /* QuickSample.app */,
				66036FEB1CB4ED210083B0C4 /* QuickSampleTests.xctest */,
			);
			name = Products;
			sourceTree = "<group>";
		};
		66036FD91CB4ED200083B0C4 /* QuickSample */ = {
			isa = PBXGroup;
			children = (
				66036FFB1CB4EE130083B0C4 /* Libs */,
				66036FDA1CB4ED200083B0C4 /* AppDelegate.swift */,
				66036FDC1CB4ED200083B0C4 /* ViewController.swift */,
				66036FDE1CB4ED200083B0C4 /* Main.storyboard */,
				66036FE11CB4ED200083B0C4 /* Assets.xcassets */,
				66036FE31CB4ED200083B0C4 /* LaunchScreen.storyboard */,
				66036FE61CB4ED200083B0C4 /* Info.plist */,
			);
			path = QuickSample;
			sourceTree = "<group>";
		};
		66036FEE1CB4ED210083B0C4 /* QuickSampleTests */ = {
			isa = PBXGroup;
			children = (
				66036FEF1CB4ED210083B0C4 /* QuickSampleTests.swift */,
				66036FF11CB4ED210083B0C4 /* Info.plist */,
			);
			path = QuickSampleTests;
			sourceTree = "<group>";
		};
		66036FFB1CB4EE130083B0C4 /* Libs */ = {
			isa = PBXGroup;
			children = (
			);
			path = Libs;
			sourceTree = "<group>";
		};
/* End PBXGroup section */

/* Begin PBXNativeTarget section */
		66036FD61CB4ED200083B0C4 /* QuickSample */ = {
			isa = PBXNativeTarget;
			buildConfigurationList = 66036FF41CB4ED210083B0C4 /* Build configuration list for PBXNativeTarget "QuickSample" */;
			buildPhases = (
				66036FD31CB4ED200083B0C4 /* Sources */,
				66036FD41CB4ED200083B0C4 /* Frameworks */,
				66036FD51CB4ED200083B0C4 /* Resources */,
			);
			buildRules = (
			);
			dependencies = (
			);
			name = QuickSample;
			productName = QuickSample;
			productReference = 66036FD71CB4ED200083B0C4 /* QuickSample.app */;
			productType = "com.apple.product-type.application";
		};
		66036FEA1CB4ED210083B0C4 /* QuickSampleTests */ = {
			isa = PBXNativeTarget;
			buildConfigurationList = 66036FF71CB4ED210083B0C4 /* Build configuration list for PBXNativeTarget "QuickSampleTests" */;
			buildPhases = (
				66036FE71CB4ED210083B0C4 /* Sources */,
				66036FE81CB4ED210083B0C4 /* Frameworks */,
				66036FE91CB4ED210083B0C4 /* Resources */,
				660370081CB4F1880083B0C4 /* CopyFiles */,
			);
			buildRules = (
			);
			dependencies = (
				66036FED1CB4ED210083B0C4 /* PBXTargetDependency */,
			);
			name = QuickSampleTests;
			productName = QuickSampleTests;
			productReference = 66036FEB1CB4ED210083B0C4 /* QuickSampleTests.xctest */;
			productType = "com.apple.product-type.bundle.unit-test";
		};
/* End PBXNativeTarget section */

/* Begin PBXProject section */
		66036FCF1CB4ED200083B0C4 /* Project object */ = {
			isa = PBXProject;
			attributes = {
				LastSwiftUpdateCheck = 0730;
				LastUpgradeCheck = 0730;
				ORGANIZATIONNAME = "田邉　裕貴";
				TargetAttributes = {
					66036FD61CB4ED200083B0C4 = {
						CreatedOnToolsVersion = 7.3;
					};
					66036FEA1CB4ED210083B0C4 = {
						CreatedOnToolsVersion = 7.3;
						TestTargetID = 66036FD61CB4ED200083B0C4;
					};
				};
			};
			buildConfigurationList = 66036FD21CB4ED200083B0C4 /* Build configuration list for PBXProject "QuickSample" */;
			compatibilityVersion = "Xcode 3.2";
			developmentRegion = English;
			hasScannedForEncodings = 0;
			knownRegions = (
				en,
				Base,
			);
			mainGroup = 66036FCE1CB4ED200083B0C4;
			productRefGroup = 66036FD81CB4ED200083B0C4 /* Products */;
			projectDirPath = "";
			projectRoot = "";
			targets = (
				66036FD61CB4ED200083B0C4 /* QuickSample */,
				66036FEA1CB4ED210083B0C4 /* QuickSampleTests */,
			);
		};
/* End PBXProject section */

/* Begin PBXResourcesBuildPhase section */
		66036FD51CB4ED200083B0C4 /* Resources */ = {
			isa = PBXResourcesBuildPhase;
			buildActionMask = 2147483647;
			files = (
				66036FE51CB4ED200083B0C4 /* LaunchScreen.storyboard in Resources */,
				66036FE21CB4ED200083B0C4 /* Assets.xcassets in Resources */,
				66036FE01CB4ED200083B0C4 /* Main.storyboard in Resources */,
			);
			runOnlyForDeploymentPostprocessing = 0;
		};
		66036FE91CB4ED210083B0C4 /* Resources */ = {
			isa = PBXResourcesBuildPhase;
			buildActionMask = 2147483647;
			files = (
			);
			runOnlyForDeploymentPostprocessing = 0;
		};
/* End PBXResourcesBuildPhase section */

/* Begin PBXSourcesBuildPhase section */
		66036FD31CB4ED200083B0C4 /* Sources */ = {
			isa = PBXSourcesBuildPhase;
			buildActionMask = 2147483647;
			files = (
				66036FDD1CB4ED200083B0C4 /* ViewController.swift in Sources */,
				66036FDB1CB4ED200083B0C4 /* AppDelegate.swift in Sources */,
			);
			runOnlyForDeploymentPostprocessing = 0;
		};
		66036FE71CB4ED210083B0C4 /* Sources */ = {
			isa = PBXSourcesBuildPhase;
			buildActionMask = 2147483647;
			files = (
				66036FF01CB4ED210083B0C4 /* QuickSampleTests.swift in Sources */,
			);
			runOnlyForDeploymentPostprocessing = 0;
		};
/* End PBXSourcesBuildPhase section */

/* Begin PBXTargetDependency section */
		66036FED1CB4ED210083B0C4 /* PBXTargetDependency */ = {
			isa = PBXTargetDependency;
			target = 66036FD61CB4ED200083B0C4 /* QuickSample */;
			targetProxy = 66036FEC1CB4ED210083B0C4 /* PBXContainerItemProxy */;
		};
/* End PBXTargetDependency section */

/* Begin PBXVariantGroup section */
		66036FDE1CB4ED200083B0C4 /* Main.storyboard */ = {
			isa = PBXVariantGroup;
			children = (
				66036FDF1CB4ED200083B0C4 /* Base */,
			);
			name = Main.storyboard;
			sourceTree = "<group>";
		};
		66036FE31CB4ED200083B0C4 /* LaunchScreen.storyboard */ = {
			isa = PBXVariantGroup;
			children = (
				66036FE41CB4ED200083B0C4 /* Base */,
			);
			name = LaunchScreen.storyboard;
			sourceTree = "<group>";
		};
/* End PBXVariantGroup section */

/* Begin XCBuildConfiguration section */
		66036FF21CB4ED210083B0C4 /* Debug */ = {
			isa = XCBuildConfiguration;
			buildSettings = {
				ALWAYS_SEARCH_USER_PATHS = NO;
				CLANG_ANALYZER_NONNULL = YES;
				CLANG_CXX_LANGUAGE_STANDARD = "gnu++0x";
				CLANG_CXX_LIBRARY = "libc++";
				CLANG_ENABLE_MODULES = YES;
				CLANG_ENABLE_OBJC_ARC = YES;
				CLANG_WARN_BOOL_CONVERSION = YES;
				CLANG_WARN_CONSTANT_CONVERSION = YES;
				CLANG_WARN_DIRECT_OBJC_ISA_USAGE = YES_ERROR;
				CLANG_WARN_EMPTY_BODY = YES;
				CLANG_WARN_ENUM_CONVERSION = YES;
				CLANG_WARN_INT_CONVERSION = YES;
				CLANG_WARN_OBJC_ROOT_CLASS = YES_ERROR;
				CLANG_WARN_UNREACHABLE_CODE = YES;
				CLANG_WARN__DUPLICATE_METHOD_MATCH = YES;
				"CODE_SIGN_IDENTITY[sdk=iphoneos*]" = "iPhone Developer";
				COPY_PHASE_STRIP = NO;
				DEBUG_INFORMATION_FORMAT = dwarf;
				ENABLE_STRICT_OBJC_MSGSEND = YES;
				ENABLE_TESTABILITY = YES;
				GCC_C_LANGUAGE_STANDARD = gnu99;
				GCC_DYNAMIC_NO_PIC = NO;
				GCC_NO_COMMON_BLOCKS = YES;
				GCC_OPTIMIZATION_LEVEL = 0;
				GCC_PREPROCESSOR_DEFINITIONS = (
					"DEBUG=1",
					"$(inherited)",
				);
				GCC_WARN_64_TO_32_BIT_CONVERSION = YES;
				GCC_WARN_ABOUT_RETURN_TYPE = YES_ERROR;
				GCC_WARN_UNDECLARED_SELECTOR = YES;
				GCC_WARN_UNINITIALIZED_AUTOS = YES_AGGRESSIVE;
				GCC_WARN_UNUSED_FUNCTION = YES;
				GCC_WARN_UNUSED_VARIABLE = YES;
				IPHONEOS_DEPLOYMENT_TARGET = 9.3;
				MTL_ENABLE_DEBUG_INFO = YES;
				ONLY_ACTIVE_ARCH = YES;
				SDKROOT = iphoneos;
				SWIFT_OPTIMIZATION_LEVEL = "-Onone";
			};
			name = Debug;
		};
		66036FF31CB4ED210083B0C4 /* Release */ = {
			isa = XCBuildConfiguration;
			buildSettings = {
				ALWAYS_SEARCH_USER_PATHS = NO;
				CLANG_ANALYZER_NONNULL = YES;
				CLANG_CXX_LANGUAGE_STANDARD = "gnu++0x";
				CLANG_CXX_LIBRARY = "libc++";
				CLANG_ENABLE_MODULES = YES;
				CLANG_ENABLE_OBJC_ARC = YES;
				CLANG_WARN_BOOL_CONVERSION = YES;
				CLANG_WARN_CONSTANT_CONVERSION = YES;
				CLANG_WARN_DIRECT_OBJC_ISA_USAGE = YES_ERROR;
				CLANG_WARN_EMPTY_BODY = YES;
				CLANG_WARN_ENUM_CONVERSION = YES;
				CLANG_WARN_INT_CONVERSION = YES;
				CLANG_WARN_OBJC_ROOT_CLASS = YES_ERROR;
				CLANG_WARN_UNREACHABLE_CODE = YES;
				CLANG_WARN__DUPLICATE_METHOD_MATCH = YES;
				"CODE_SIGN_IDENTITY[sdk=iphoneos*]" = "iPhone Developer";
				COPY_PHASE_STRIP = NO;
				DEBUG_INFORMATION_FORMAT = "dwarf-with-dsym";
				ENABLE_NS_ASSERTIONS = NO;
				ENABLE_STRICT_OBJC_MSGSEND = YES;
				GCC_C_LANGUAGE_STANDARD = gnu99;
				GCC_NO_COMMON_BLOCKS = YES;
				GCC_WARN_64_TO_32_BIT_CONVERSION = YES;
				GCC_WARN_ABOUT_RETURN_TYPE = YES_ERROR;
				GCC_WARN_UNDECLARED_SELECTOR = YES;
				GCC_WARN_UNINITIALIZED_AUTOS = YES_AGGRESSIVE;
				GCC_WARN_UNUSED_FUNCTION = YES;
				GCC_WARN_UNUSED_VARIABLE = YES;
				IPHONEOS_DEPLOYMENT_TARGET = 9.3;
				MTL_ENABLE_DEBUG_INFO = NO;
				SDKROOT = iphoneos;
				VALIDATE_PRODUCT = YES;
			};
			name = Release;
		};
		66036FF51CB4ED210083B0C4 /* Debug */ = {
			isa = XCBuildConfiguration;
			buildSettings = {
				ASSETCATALOG_COMPILER_APPICON_NAME = AppIcon;
				FRAMEWORK_SEARCH_PATHS = (
					"$(inherited)",
					"$(PROJECT_DIR)/Carthage/Build/iOS",
				);
				INFOPLIST_FILE = QuickSample/Info.plist;
				LD_RUNPATH_SEARCH_PATHS = "$(inherited) @executable_path/Frameworks";
				PRODUCT_BUNDLE_IDENTIFIER = jp.co.yahoo.QuickSample;
				PRODUCT_NAME = "$(TARGET_NAME)";
			};
			name = Debug;
		};
		66036FF61CB4ED210083B0C4 /* Release */ = {
			isa = XCBuildConfiguration;
			buildSettings = {
				ASSETCATALOG_COMPILER_APPICON_NAME = AppIcon;
				FRAMEWORK_SEARCH_PATHS = (
					"$(inherited)",
					"$(PROJECT_DIR)/Carthage/Build/iOS",
				);
				INFOPLIST_FILE = QuickSample/Info.plist;
				LD_RUNPATH_SEARCH_PATHS = "$(inherited) @executable_path/Frameworks";
				PRODUCT_BUNDLE_IDENTIFIER = jp.co.yahoo.QuickSample;
				PRODUCT_NAME = "$(TARGET_NAME)";
			};
			name = Release;
		};
		66036FF81CB4ED210083B0C4 /* Debug */ = {
			isa = XCBuildConfiguration;
			buildSettings = {
				BUNDLE_LOADER = "$(TEST_HOST)";
				FRAMEWORK_SEARCH_PATHS = (
					"$(inherited)",
					"$(PROJECT_DIR)/Carthage/Build/iOS",
				);
				INFOPLIST_FILE = QuickSampleTests/Info.plist;
				LD_RUNPATH_SEARCH_PATHS = "$(inherited) @executable_path/Frameworks @loader_path/Frameworks";
				PRODUCT_BUNDLE_IDENTIFIER = jp.co.yahoo.QuickSampleTests;
				PRODUCT_NAME = "$(TARGET_NAME)";
				TEST_HOST = "$(BUILT_PRODUCTS_DIR)/QuickSample.app/QuickSample";
			};
			name = Debug;
		};
		66036FF91CB4ED210083B0C4 /* Release */ = {
			isa = XCBuildConfiguration;
			buildSettings = {
				BUNDLE_LOADER = "$(TEST_HOST)";
				FRAMEWORK_SEARCH_PATHS = (
					"$(inherited)",
					"$(PROJECT_DIR)/Carthage/Build/iOS",
				);
				INFOPLIST_FILE = QuickSampleTests/Info.plist;
				LD_RUNPATH_SEARCH_PATHS = "$(inherited) @executable_path/Frameworks @loader_path/Frameworks";
				PRODUCT_BUNDLE_IDENTIFIER = jp.co.yahoo.QuickSampleTests;
				PRODUCT_NAME = "$(TARGET_NAME)";
				TEST_HOST = "$(BUILT_PRODUCTS_DIR)/QuickSample.app/QuickSample";
			};
			name = Release;
		};
/* End XCBuildConfiguration section */

/* Begin XCConfigurationList section */
		66036FD21CB4ED200083B0C4 /* Build configuration list for PBXProject "QuickSample" */ = {
			isa = XCConfigurationList;
			buildConfigurations = (
				66036FF21CB4ED210083B0C4 /* Debug */,
				66036FF31CB4ED210083B0C4 /* Release */,
			);
			defaultConfigurationIsVisible = 0;
			defaultConfigurationName = Release;
		};
		66036FF41CB4ED210083B0C4 /* Build configuration list for PBXNativeTarget "QuickSample" */ = {
			isa = XCConfigurationList;
			buildConfigurations = (
				66036FF51CB4ED210083B0C4 /* Debug */,
				66036FF61CB4ED210083B0C4 /* Release */,
			);
			defaultConfigurationIsVisible = 0;
		};
		66036FF71CB4ED210083B0C4 /* Build configuration list for PBXNativeTarget "QuickSampleTests" */ = {
			isa = XCConfigurationList;
			buildConfigurations = (
				66036FF81CB4ED210083B0C4 /* Debug */,
				66036FF91CB4ED210083B0C4 /* Release */,
			);
			defaultConfigurationIsVisible = 0;
		};
/* End XCConfigurationList section */
	};
	rootObject = 66036FCF1CB4ED200083B0C4 /* Project object */;
}
